
Microsoft Visual Studio Solution File, Format Version 12.00
# Visual Studio Version 16
VisualStudioVersion = 16.0.32002.261
MinimumVisualStudioVersion = 10.0.40219.1
Project("{FAE04EC0-301F-11D3-BF4B-00C04F79EFBC}") = "UILayer", "UILayer\UILayer.csproj", "{E72BB311-04C1-4013-AB69-0213D4376A69}"
EndProject
Global
	GlobalSection(SolutionConfigurationPlatforms) = preSolution
		Debug|Any CPU = Debug|Any CPU
		Release|Any CPU = Release|Any CPU
	EndGlobalSection
	GlobalSection(ProjectConfigurationPlatforms) = postSolution
		{E72BB311-04C1-4013-AB69-0213D4376A69}.Debug|Any CPU.ActiveCfg = Debug|Any CPU
		{E72BB311-04C1-4013-AB69-0213D4376A69}.Debug|Any CPU.Build.0 = Debug|Any CPU
		{E72BB311-04C1-4013-AB69-0213D4376A69}.Release|Any CPU.ActiveCfg = Release|Any CPU
		{E72BB311-04C1-4013-AB69-0213D4376A69}.Release|Any CPU.Build.0 = Release|Any CPU
	EndGlobalSection
	GlobalSection(SolutionProperties) = preSolution
		HideSolutionNode = FALSE
	EndGlobalSection
	GlobalSection(ExtensibilityGlobals) = postSolution
		SolutionGuid = {063B358D-7F9D-4522-8FCA-EA191C3D062D}
	EndGlobalSection
EndGlobal
